
Microsoft Visual Studio Solution File, Format Version 12.00
# Visual Studio Version 17
VisualStudioVersion = 17.4.33213.308
MinimumVisualStudioVersion = 10.0.40219.1
Project("{FAE04EC0-301F-11D3-BF4B-00C04F79EFBC}") = "War", "War\War.csproj", "{5B692BA4-A4A5-45FA-9599-6A8678A0B586}"
EndProject
Global
	GlobalSection(SolutionConfigurationPlatforms) = preSolution
		Debug|Any CPU = Debug|Any CPU
		Release|Any CPU = Release|Any CPU
	EndGlobalSection
	GlobalSection(ProjectConfigurationPlatforms) = postSolution
		{5B692BA4-A4A5-45FA-9599-6A8678A0B586}.Debug|Any CPU.ActiveCfg = Debug|Any CPU
		{5B692BA4-A4A5-45FA-9599-6A8678A0B586}.Debug|Any CPU.Build.0 = Debug|Any CPU
		{5B692BA4-A4A5-45FA-9599-6A8678A0B586}.Release|Any CPU.ActiveCfg = Release|Any CPU
		{5B692BA4-A4A5-45FA-9599-6A8678A0B586}.Release|Any CPU.Build.0 = Release|Any CPU
	EndGlobalSection
	GlobalSection(SolutionProperties) = preSolution
		HideSolutionNode = FALSE
	EndGlobalSection
	GlobalSection(ExtensibilityGlobals) = postSolution
		SolutionGuid = {7CF3D368-227C-4DF6-A095-5E7D6D8399D1}
	EndGlobalSection
EndGlobal
